// !$*UTF8*$!
{
	archiveVersion = 1;
	classes = {
	};
	objectVersion = 77;
	objects = {

/* Begin PBXBuildFile section */
		148F8D932E8FDA6E00EE0C52 /* Assets.xcassets in Resources */ = {isa = PBXBuildFile; fileRef = 148F8D8F2E8FDA6E00EE0C52 /* Assets.xcassets */; };
		148F8D952E8FDA6F00EE0C52 /* ToDoListApp.swift in Sources */ = {isa = PBXBuildFile; fileRef = 148F8D912E8FDA6E00EE0C52 /* ToDoListApp.swift */; };
		148F8D9C2E8FE64800EE0C52 /* SearchBar.swift in Sources */ = {isa = PBXBuildFile; fileRef = 148F8D9B2E8FE64800EE0C52 /* SearchBar.swift */; };
		148F8D9E2E8FE67100EE0C52 /* HomeView.swift in Sources */ = {isa = PBXBuildFile; fileRef = 148F8D9D2E8FE67100EE0C52 /* HomeView.swift */; };
		148F8DA32E9128C300EE0C52 /* Color.swift in Sources */ = {isa = PBXBuildFile; fileRef = 148F8DA22E9128BF00EE0C52 /* Color.swift */; };
		148F8DAC2E9148D400EE0C52 /* NoteFieldView.swift in Sources */ = {isa = PBXBuildFile; fileRef = 148F8DAB2E9148D400EE0C52 /* NoteFieldView.swift */; };
		148F8DAE2E92861D00EE0C52 /* Note.swift in Sources */ = {isa = PBXBuildFile; fileRef = 148F8DAD2E92861D00EE0C52 /* Note.swift */; };
/* End PBXBuildFile section */

/* Begin PBXContainerItemProxy section */
		148F8D732E8FDA4200EE0C52 /* PBXContainerItemProxy */ = {
			isa = PBXContainerItemProxy;
			containerPortal = 148F8D5D2E8FDA3E00EE0C52 /* Project object */;
			proxyType = 1;
			remoteGlobalIDString = 148F8D642E8FDA3E00EE0C52;
			remoteInfo = ToDoList;
		};
		148F8D7D2E8FDA4200EE0C52 /* PBXContainerItemProxy */ = {
			isa = PBXContainerItemProxy;
			containerPortal = 148F8D5D2E8FDA3E00EE0C52 /* Project object */;
			proxyType = 1;
			remoteGlobalIDString = 148F8D642E8FDA3E00EE0C52;
			remoteInfo = ToDoList;
		};
/* End PBXContainerItemProxy section */

/* Begin PBXFileReference section */
		148F8D652E8FDA3E00EE0C52 /* ToDoList.app */ = {isa = PBXFileReference; explicitFileType = wrapper.application; includeInIndex = 0; path = ToDoList.app; sourceTree = BUILT_PRODUCTS_DIR; };
		148F8D722E8FDA4200EE0C52 /* ToDoListTests.xctest */ = {isa = PBXFileReference; explicitFileType = wrapper.cfbundle; includeInIndex = 0; path = ToDoListTests.xctest; sourceTree = BUILT_PRODUCTS_DIR; };
		148F8D7C2E8FDA4200EE0C52 /* ToDoListUITests.xctest */ = {isa = PBXFileReference; explicitFileType = wrapper.cfbundle; includeInIndex = 0; path = ToDoListUITests.xctest; sourceTree = BUILT_PRODUCTS_DIR; };
		148F8D8F2E8FDA6E00EE0C52 /* Assets.xcassets */ = {isa = PBXFileReference; lastKnownFileType = folder.assetcatalog; path = Assets.xcassets; sourceTree = "<group>"; };
		148F8D912E8FDA6E00EE0C52 /* ToDoListApp.swift */ = {isa = PBXFileReference; lastKnownFileType = sourcecode.swift; path = ToDoListApp.swift; sourceTree = "<group>"; };
		148F8D9B2E8FE64800EE0C52 /* SearchBar.swift */ = {isa = PBXFileReference; lastKnownFileType = sourcecode.swift; path = SearchBar.swift; sourceTree = "<group>"; };
		148F8D9D2E8FE67100EE0C52 /* HomeView.swift */ = {isa = PBXFileReference; lastKnownFileType = sourcecode.swift; path = HomeView.swift; sourceTree = "<group>"; };
		148F8DA22E9128BF00EE0C52 /* Color.swift */ = {isa = PBXFileReference; lastKnownFileType = sourcecode.swift; path = Color.swift; sourceTree = "<group>"; };
		148F8DAB2E9148D400EE0C52 /* NoteFieldView.swift */ = {isa = PBXFileReference; lastKnownFileType = sourcecode.swift; path = NoteFieldView.swift; sourceTree = "<group>"; };
		148F8DAD2E92861D00EE0C52 /* Note.swift */ = {isa = PBXFileReference; lastKnownFileType = sourcecode.swift; path = Note.swift; sourceTree = "<group>"; };
/* End PBXFileReference section */

/* Begin PBXFileSystemSynchronizedRootGroup section */
		148F8D752E8FDA4200EE0C52 /* ToDoListTests */ = {
			isa = PBXFileSystemSynchronizedRootGroup;
			path = ToDoListTests;
			sourceTree = "<group>";
		};
		148F8D7F2E8FDA4200EE0C52 /* ToDoListUITests */ = {
			isa = PBXFileSystemSynchronizedRootGroup;
			path = ToDoListUITests;
			sourceTree = "<group>";
		};
/* End PBXFileSystemSynchronizedRootGroup section */

/* Begin PBXFrameworksBuildPhase section */
		148F8D622E8FDA3E00EE0C52 /* Frameworks */ = {
			isa = PBXFrameworksBuildPhase;
			buildActionMask = 2147483647;
			files = (
			);
			runOnlyForDeploymentPostprocessing = 0;
		};
		148F8D6F2E8FDA4200EE0C52 /* Frameworks */ = {
			isa = PBXFrameworksBuildPhase;
			buildActionMask = 2147483647;
			files = (
			);
			runOnlyForDeploymentPostprocessing = 0;
		};
		148F8D792E8FDA4200EE0C52 /* Frameworks */ = {
			isa = PBXFrameworksBuildPhase;
			buildActionMask = 2147483647;
			files = (
			);
			runOnlyForDeploymentPostprocessing = 0;
		};
/* End PBXFrameworksBuildPhase section */

/* Begin PBXGroup section */
		148F8D5C2E8FDA3D00EE0C52 = {
			isa = PBXGroup;
			children = (
				148F8D922E8FDA6E00EE0C52 /* ToDoList */,
				148F8D752E8FDA4200EE0C52 /* ToDoListTests */,
				148F8D7F2E8FDA4200EE0C52 /* ToDoListUITests */,
				148F8D662E8FDA3E00EE0C52 /* Products */,
			);
			sourceTree = "<group>";
		};
		148F8D662E8FDA3E00EE0C52 /* Products */ = {
			isa = PBXGroup;
			children = (
				148F8D652E8FDA3E00EE0C52 /* ToDoList.app */,
				148F8D722E8FDA4200EE0C52 /* ToDoListTests.xctest */,
				148F8D7C2E8FDA4200EE0C52 /* ToDoListUITests.xctest */,
			);
			name = Products;
			sourceTree = "<group>";
		};
		148F8D922E8FDA6E00EE0C52 /* ToDoList */ = {
			isa = PBXGroup;
			children = (
				148F8D962E8FE05800EE0C52 /* Modules */,
				148F8D9F2E91289A00EE0C52 /* Shared */,
				148F8D8F2E8FDA6E00EE0C52 /* Assets.xcassets */,
				148F8D912E8FDA6E00EE0C52 /* ToDoListApp.swift */,
			);
			path = ToDoList;
			sourceTree = "<group>";
		};
		148F8D962E8FE05800EE0C52 /* Modules */ = {
			isa = PBXGroup;
			children = (
				148F8D972E8FE0F900EE0C52 /* Home */,
			);
			path = Modules;
			sourceTree = "<group>";
		};
		148F8D972E8FE0F900EE0C52 /* Home */ = {
			isa = PBXGroup;
			children = (
				148F8DA72E9145AE00EE0C52 /* Entity */,
				148F8DA82E91462C00EE0C52 /* Interactor */,
				148F8DA92E91463400EE0C52 /* Presenter */,
				148F8DAA2E91463C00EE0C52 /* Router */,
				148F8D982E8FE10E00EE0C52 /* Views */,
			);
			path = Home;
			sourceTree = "<group>";
		};
		148F8D982E8FE10E00EE0C52 /* Views */ = {
			isa = PBXGroup;
			children = (
				148F8D9D2E8FE67100EE0C52 /* HomeView.swift */,
				148F8D9B2E8FE64800EE0C52 /* SearchBar.swift */,
				148F8DAB2E9148D400EE0C52 /* NoteFieldView.swift */,
			);
			path = Views;
			sourceTree = "<group>";
		};
		148F8D9F2E91289A00EE0C52 /* Shared */ = {
			isa = PBXGroup;
			children = (
				148F8DA02E9128AC00EE0C52 /* Extensions */,
			);
			path = Shared;
			sourceTree = "<group>";
		};
		148F8DA02E9128AC00EE0C52 /* Extensions */ = {
			isa = PBXGroup;
			children = (
				148F8DA22E9128BF00EE0C52 /* Color.swift */,
			);
			path = Extensions;
			sourceTree = "<group>";
		};
		148F8DA72E9145AE00EE0C52 /* Entity */ = {
			isa = PBXGroup;
			children = (
				148F8DAD2E92861D00EE0C52 /* Note.swift */,
			);
			path = Entity;
			sourceTree = "<group>";
		};
		148F8DA82E91462C00EE0C52 /* Interactor */ = {
			isa = PBXGroup;
			children = (
			);
			path = Interactor;
			sourceTree = "<group>";
		};
		148F8DA92E91463400EE0C52 /* Presenter */ = {
			isa = PBXGroup;
			children = (
			);
			path = Presenter;
			sourceTree = "<group>";
		};
		148F8DAA2E91463C00EE0C52 /* Router */ = {
			isa = PBXGroup;
			children = (
			);
			path = Router;
			sourceTree = "<group>";
		};
/* End PBXGroup section */

/* Begin PBXNativeTarget section */
		148F8D642E8FDA3E00EE0C52 /* ToDoList */ = {
			isa = PBXNativeTarget;
			buildConfigurationList = 148F8D862E8FDA4200EE0C52 /* Build configuration list for PBXNativeTarget "ToDoList" */;
			buildPhases = (
				148F8D612E8FDA3E00EE0C52 /* Sources */,
				148F8D622E8FDA3E00EE0C52 /* Frameworks */,
				148F8D632E8FDA3E00EE0C52 /* Resources */,
			);
			buildRules = (
			);
			dependencies = (
			);
			name = ToDoList;
			packageProductDependencies = (
			);
			productName = ToDoList;
			productReference = 148F8D652E8FDA3E00EE0C52 /* ToDoList.app */;
			productType = "com.apple.product-type.application";
		};
		148F8D712E8FDA4200EE0C52 /* ToDoListTests */ = {
			isa = PBXNativeTarget;
			buildConfigurationList = 148F8D892E8FDA4200EE0C52 /* Build configuration list for PBXNativeTarget "ToDoListTests" */;
			buildPhases = (
				148F8D6E2E8FDA4200EE0C52 /* Sources */,
				148F8D6F2E8FDA4200EE0C52 /* Frameworks */,
				148F8D702E8FDA4200EE0C52 /* Resources */,
			);
			buildRules = (
			);
			dependencies = (
				148F8D742E8FDA4200EE0C52 /* PBXTargetDependency */,
			);
			fileSystemSynchronizedGroups = (
				148F8D752E8FDA4200EE0C52 /* ToDoListTests */,
			);
			name = ToDoListTests;
			packageProductDependencies = (
			);
			productName = ToDoListTests;
			productReference = 148F8D722E8FDA4200EE0C52 /* ToDoListTests.xctest */;
			productType = "com.apple.product-type.bundle.unit-test";
		};
		148F8D7B2E8FDA4200EE0C52 /* ToDoListUITests */ = {
			isa = PBXNativeTarget;
			buildConfigurationList = 148F8D8C2E8FDA4200EE0C52 /* Build configuration list for PBXNativeTarget "ToDoListUITests" */;
			buildPhases = (
				148F8D782E8FDA4200EE0C52 /* Sources */,
				148F8D792E8FDA4200EE0C52 /* Frameworks */,
				148F8D7A2E8FDA4200EE0C52 /* Resources */,
			);
			buildRules = (
			);
			dependencies = (
				148F8D7E2E8FDA4200EE0C52 /* PBXTargetDependency */,
			);
			fileSystemSynchronizedGroups = (
				148F8D7F2E8FDA4200EE0C52 /* ToDoListUITests */,
			);
			name = ToDoListUITests;
			packageProductDependencies = (
			);
			productName = ToDoListUITests;
			productReference = 148F8D7C2E8FDA4200EE0C52 /* ToDoListUITests.xctest */;
			productType = "com.apple.product-type.bundle.ui-testing";
		};
/* End PBXNativeTarget section */

/* Begin PBXProject section */
		148F8D5D2E8FDA3E00EE0C52 /* Project object */ = {
			isa = PBXProject;
			attributes = {
				BuildIndependentTargetsInParallel = 1;
				LastSwiftUpdateCheck = 2600;
				LastUpgradeCheck = 2600;
				TargetAttributes = {
					148F8D642E8FDA3E00EE0C52 = {
						CreatedOnToolsVersion = 26.0;
					};
					148F8D712E8FDA4200EE0C52 = {
						CreatedOnToolsVersion = 26.0;
						TestTargetID = 148F8D642E8FDA3E00EE0C52;
					};
					148F8D7B2E8FDA4200EE0C52 = {
						CreatedOnToolsVersion = 26.0;
						TestTargetID = 148F8D642E8FDA3E00EE0C52;
					};
				};
			};
			buildConfigurationList = 148F8D602E8FDA3E00EE0C52 /* Build configuration list for PBXProject "ToDoList" */;
			developmentRegion = en;
			hasScannedForEncodings = 0;
			knownRegions = (
				en,
				Base,
			);
			mainGroup = 148F8D5C2E8FDA3D00EE0C52;
			minimizedProjectReferenceProxies = 1;
			preferredProjectObjectVersion = 77;
			productRefGroup = 148F8D662E8FDA3E00EE0C52 /* Products */;
			projectDirPath = "";
			projectRoot = "";
			targets = (
				148F8D642E8FDA3E00EE0C52 /* ToDoList */,
				148F8D712E8FDA4200EE0C52 /* ToDoListTests */,
				148F8D7B2E8FDA4200EE0C52 /* ToDoListUITests */,
			);
		};
/* End PBXProject section */

/* Begin PBXResourcesBuildPhase section */
		148F8D632E8FDA3E00EE0C52 /* Resources */ = {
			isa = PBXResourcesBuildPhase;
			buildActionMask = 2147483647;
			files = (
				148F8D932E8FDA6E00EE0C52 /* Assets.xcassets in Resources */,
			);
			runOnlyForDeploymentPostprocessing = 0;
		};
		148F8D702E8FDA4200EE0C52 /* Resources */ = {
			isa = PBXResourcesBuildPhase;
			buildActionMask = 2147483647;
			files = (
			);
			runOnlyForDeploymentPostprocessing = 0;
		};
		148F8D7A2E8FDA4200EE0C52 /* Resources */ = {
			isa = PBXResourcesBuildPhase;
			buildActionMask = 2147483647;
			files = (
			);
			runOnlyForDeploymentPostprocessing = 0;
		};
/* End PBXResourcesBuildPhase section */

/* Begin PBXSourcesBuildPhase section */
		148F8D612E8FDA3E00EE0C52 /* Sources */ = {
			isa = PBXSourcesBuildPhase;
			buildActionMask = 2147483647;
			files = (
				148F8D9E2E8FE67100EE0C52 /* HomeView.swift in Sources */,
				148F8DA32E9128C300EE0C52 /* Color.swift in Sources */,
				148F8D952E8FDA6F00EE0C52 /* ToDoListApp.swift in Sources */,
				148F8D9C2E8FE64800EE0C52 /* SearchBar.swift in Sources */,
				148F8DAC2E9148D400EE0C52 /* NoteFieldView.swift in Sources */,
				148F8DAE2E92861D00EE0C52 /* Note.swift in Sources */,
			);
			runOnlyForDeploymentPostprocessing = 0;
		};
		148F8D6E2E8FDA4200EE0C52 /* Sources */ = {
			isa = PBXSourcesBuildPhase;
			buildActionMask = 2147483647;
			files = (
			);
			runOnlyForDeploymentPostprocessing = 0;
		};
		148F8D782E8FDA4200EE0C52 /* Sources */ = {
			isa = PBXSourcesBuildPhase;
			buildActionMask = 2147483647;
			files = (
			);
			runOnlyForDeploymentPostprocessing = 0;
		};
/* End PBXSourcesBuildPhase section */

/* Begin PBXTargetDependency section */
		148F8D742E8FDA4200EE0C52 /* PBXTargetDependency */ = {
			isa = PBXTargetDependency;
			target = 148F8D642E8FDA3E00EE0C52 /* ToDoList */;
			targetProxy = 148F8D732E8FDA4200EE0C52 /* PBXContainerItemProxy */;
		};
		148F8D7E2E8FDA4200EE0C52 /* PBXTargetDependency */ = {
			isa = PBXTargetDependency;
			target = 148F8D642E8FDA3E00EE0C52 /* ToDoList */;
			targetProxy = 148F8D7D2E8FDA4200EE0C52 /* PBXContainerItemProxy */;
		};
/* End PBXTargetDependency section */

/* Begin XCBuildConfiguration section */
		148F8D842E8FDA4200EE0C52 /* Debug */ = {
			isa = XCBuildConfiguration;
			buildSettings = {
				ALWAYS_SEARCH_USER_PATHS = NO;
				ASSETCATALOG_COMPILER_GENERATE_SWIFT_ASSET_SYMBOL_EXTENSIONS = YES;
				CLANG_ANALYZER_NONNULL = YES;
				CLANG_ANALYZER_NUMBER_OBJECT_CONVERSION = YES_AGGRESSIVE;
				CLANG_CXX_LANGUAGE_STANDARD = "gnu++20";
				CLANG_ENABLE_MODULES = YES;
				CLANG_ENABLE_OBJC_ARC = YES;
				CLANG_ENABLE_OBJC_WEAK = YES;
				CLANG_WARN_BLOCK_CAPTURE_AUTORELEASING = YES;
				CLANG_WARN_BOOL_CONVERSION = YES;
				CLANG_WARN_COMMA = YES;
				CLANG_WARN_CONSTANT_CONVERSION = YES;
				CLANG_WARN_DEPRECATED_OBJC_IMPLEMENTATIONS = YES;
				CLANG_WARN_DIRECT_OBJC_ISA_USAGE = YES_ERROR;
				CLANG_WARN_DOCUMENTATION_COMMENTS = YES;
				CLANG_WARN_EMPTY_BODY = YES;
				CLANG_WARN_ENUM_CONVERSION = YES;
				CLANG_WARN_INFINITE_RECURSION = YES;
				CLANG_WARN_INT_CONVERSION = YES;
				CLANG_WARN_NON_LITERAL_NULL_CONVERSION = YES;
				CLANG_WARN_OBJC_IMPLICIT_RETAIN_SELF = YES;
				CLANG_WARN_OBJC_LITERAL_CONVERSION = YES;
				CLANG_WARN_OBJC_ROOT_CLASS = YES_ERROR;
				CLANG_WARN_QUOTED_INCLUDE_IN_FRAMEWORK_HEADER = YES;
				CLANG_WARN_RANGE_LOOP_ANALYSIS = YES;
				CLANG_WARN_STRICT_PROTOTYPES = YES;
				CLANG_WARN_SUSPICIOUS_MOVE = YES;
				CLANG_WARN_UNGUARDED_AVAILABILITY = YES_AGGRESSIVE;
				CLANG_WARN_UNREACHABLE_CODE = YES;
				CLANG_WARN__DUPLICATE_METHOD_MATCH = YES;
				COPY_PHASE_STRIP = NO;
				DEBUG_INFORMATION_FORMAT = dwarf;
				DEVELOPMENT_TEAM = 445TH93K8F;
				ENABLE_STRICT_OBJC_MSGSEND = YES;
				ENABLE_TESTABILITY = YES;
				ENABLE_USER_SCRIPT_SANDBOXING = YES;
				GCC_C_LANGUAGE_STANDARD = gnu17;
				GCC_DYNAMIC_NO_PIC = NO;
				GCC_NO_COMMON_BLOCKS = YES;
				GCC_OPTIMIZATION_LEVEL = 0;
				GCC_PREPROCESSOR_DEFINITIONS = (
					"DEBUG=1",
					"$(inherited)",
				);
				GCC_WARN_64_TO_32_BIT_CONVERSION = YES;
				GCC_WARN_ABOUT_RETURN_TYPE = YES_ERROR;
				GCC_WARN_UNDECLARED_SELECTOR = YES;
				GCC_WARN_UNINITIALIZED_AUTOS = YES_AGGRESSIVE;
				GCC_WARN_UNUSED_FUNCTION = YES;
				GCC_WARN_UNUSED_VARIABLE = YES;
				IPHONEOS_DEPLOYMENT_TARGET = 26.0;
				LOCALIZATION_PREFERS_STRING_CATALOGS = YES;
				MTL_ENABLE_DEBUG_INFO = INCLUDE_SOURCE;
				MTL_FAST_MATH = YES;
				ONLY_ACTIVE_ARCH = YES;
				SDKROOT = iphoneos;
				SWIFT_ACTIVE_COMPILATION_CONDITIONS = "DEBUG $(inherited)";
				SWIFT_OPTIMIZATION_LEVEL = "-Onone";
			};
			name = Debug;
		};
		148F8D852E8FDA4200EE0C52 /* Release */ = {
			isa = XCBuildConfiguration;
			buildSettings = {
				ALWAYS_SEARCH_USER_PATHS = NO;
				ASSETCATALOG_COMPILER_GENERATE_SWIFT_ASSET_SYMBOL_EXTENSIONS = YES;
				CLANG_ANALYZER_NONNULL = YES;
				CLANG_ANALYZER_NUMBER_OBJECT_CONVERSION = YES_AGGRESSIVE;
				CLANG_CXX_LANGUAGE_STANDARD = "gnu++20";
				CLANG_ENABLE_MODULES = YES;
				CLANG_ENABLE_OBJC_ARC = YES;
				CLANG_ENABLE_OBJC_WEAK = YES;
				CLANG_WARN_BLOCK_CAPTURE_AUTORELEASING = YES;
				CLANG_WARN_BOOL_CONVERSION = YES;
				CLANG_WARN_COMMA = YES;
				CLANG_WARN_CONSTANT_CONVERSION = YES;
				CLANG_WARN_DEPRECATED_OBJC_IMPLEMENTATIONS = YES;
				CLANG_WARN_DIRECT_OBJC_ISA_USAGE = YES_ERROR;
				CLANG_WARN_DOCUMENTATION_COMMENTS = YES;
				CLANG_WARN_EMPTY_BODY = YES;
				CLANG_WARN_ENUM_CONVERSION = YES;
				CLANG_WARN_INFINITE_RECURSION = YES;
				CLANG_WARN_INT_CONVERSION = YES;
				CLANG_WARN_NON_LITERAL_NULL_CONVERSION = YES;
				CLANG_WARN_OBJC_IMPLICIT_RETAIN_SELF = YES;
				CLANG_WARN_OBJC_LITERAL_CONVERSION = YES;
				CLANG_WARN_OBJC_ROOT_CLASS = YES_ERROR;
				CLANG_WARN_QUOTED_INCLUDE_IN_FRAMEWORK_HEADER = YES;
				CLANG_WARN_RANGE_LOOP_ANALYSIS = YES;
				CLANG_WARN_STRICT_PROTOTYPES = YES;
				CLANG_WARN_SUSPICIOUS_MOVE = YES;
				CLANG_WARN_UNGUARDED_AVAILABILITY = YES_AGGRESSIVE;
				CLANG_WARN_UNREACHABLE_CODE = YES;
				CLANG_WARN__DUPLICATE_METHOD_MATCH = YES;
				COPY_PHASE_STRIP = NO;
				DEBUG_INFORMATION_FORMAT = "dwarf-with-dsym";
				DEVELOPMENT_TEAM = 445TH93K8F;
				ENABLE_NS_ASSERTIONS = NO;
				ENABLE_STRICT_OBJC_MSGSEND = YES;
				ENABLE_USER_SCRIPT_SANDBOXING = YES;
				GCC_C_LANGUAGE_STANDARD = gnu17;
				GCC_NO_COMMON_BLOCKS = YES;
				GCC_WARN_64_TO_32_BIT_CONVERSION = YES;
				GCC_WARN_ABOUT_RETURN_TYPE = YES_ERROR;
				GCC_WARN_UNDECLARED_SELECTOR = YES;
				GCC_WARN_UNINITIALIZED_AUTOS = YES_AGGRESSIVE;
				GCC_WARN_UNUSED_FUNCTION = YES;
				GCC_WARN_UNUSED_VARIABLE = YES;
				IPHONEOS_DEPLOYMENT_TARGET = 26.0;
				LOCALIZATION_PREFERS_STRING_CATALOGS = YES;
				MTL_ENABLE_DEBUG_INFO = NO;
				MTL_FAST_MATH = YES;
				SDKROOT = iphoneos;
				SWIFT_COMPILATION_MODE = wholemodule;
				VALIDATE_PRODUCT = YES;
			};
			name = Release;
		};
		148F8D872E8FDA4200EE0C52 /* Debug */ = {
			isa = XCBuildConfiguration;
			buildSettings = {
				ASSETCATALOG_COMPILER_APPICON_NAME = AppIcon;
				ASSETCATALOG_COMPILER_GLOBAL_ACCENT_COLOR_NAME = AccentColor;
				CODE_SIGN_STYLE = Automatic;
				CURRENT_PROJECT_VERSION = 1;
				DEVELOPMENT_TEAM = 445TH93K8F;
				ENABLE_PREVIEWS = YES;
				GENERATE_INFOPLIST_FILE = YES;
				INFOPLIST_KEY_UIApplicationSceneManifest_Generation = YES;
				INFOPLIST_KEY_UIApplicationSupportsIndirectInputEvents = YES;
				INFOPLIST_KEY_UILaunchScreen_Generation = YES;
				INFOPLIST_KEY_UISupportedInterfaceOrientations_iPad = "UIInterfaceOrientationPortrait UIInterfaceOrientationPortraitUpsideDown UIInterfaceOrientationLandscapeLeft UIInterfaceOrientationLandscapeRight";
				INFOPLIST_KEY_UISupportedInterfaceOrientations_iPhone = "UIInterfaceOrientationPortrait UIInterfaceOrientationLandscapeLeft UIInterfaceOrientationLandscapeRight";
				LD_RUNPATH_SEARCH_PATHS = (
					"$(inherited)",
					"@executable_path/Frameworks",
				);
				MARKETING_VERSION = 1.0;
				PRODUCT_BUNDLE_IDENTIFIER = com.myorganization.ToDoList;
				PRODUCT_NAME = "$(TARGET_NAME)";
				STRING_CATALOG_GENERATE_SYMBOLS = YES;
				SWIFT_APPROACHABLE_CONCURRENCY = YES;
				SWIFT_DEFAULT_ACTOR_ISOLATION = MainActor;
				SWIFT_EMIT_LOC_STRINGS = YES;
				SWIFT_UPCOMING_FEATURE_MEMBER_IMPORT_VISIBILITY = YES;
				SWIFT_VERSION = 5.0;
				TARGETED_DEVICE_FAMILY = "1,2";
			};
			name = Debug;
		};
		148F8D882E8FDA4200EE0C52 /* Release */ = {
			isa = XCBuildConfiguration;
			buildSettings = {
				ASSETCATALOG_COMPILER_APPICON_NAME = AppIcon;
				ASSETCATALOG_COMPILER_GLOBAL_ACCENT_COLOR_NAME = AccentColor;
				CODE_SIGN_STYLE = Automatic;
				CURRENT_PROJECT_VERSION = 1;
				DEVELOPMENT_TEAM = 445TH93K8F;
				ENABLE_PREVIEWS = YES;
				GENERATE_INFOPLIST_FILE = YES;
				INFOPLIST_KEY_UIApplicationSceneManifest_Generation = YES;
				INFOPLIST_KEY_UIApplicationSupportsIndirectInputEvents = YES;
				INFOPLIST_KEY_UILaunchScreen_Generation = YES;
				INFOPLIST_KEY_UISupportedInterfaceOrientations_iPad = "UIInterfaceOrientationPortrait UIInterfaceOrientationPortraitUpsideDown UIInterfaceOrientationLandscapeLeft UIInterfaceOrientationLandscapeRight";
				INFOPLIST_KEY_UISupportedInterfaceOrientations_iPhone = "UIInterfaceOrientationPortrait UIInterfaceOrientationLandscapeLeft UIInterfaceOrientationLandscapeRight";
				LD_RUNPATH_SEARCH_PATHS = (
					"$(inherited)",
					"@executable_path/Frameworks",
				);
				MARKETING_VERSION = 1.0;
				PRODUCT_BUNDLE_IDENTIFIER = com.myorganization.ToDoList;
				PRODUCT_NAME = "$(TARGET_NAME)";
				STRING_CATALOG_GENERATE_SYMBOLS = YES;
				SWIFT_APPROACHABLE_CONCURRENCY = YES;
				SWIFT_DEFAULT_ACTOR_ISOLATION = MainActor;
				SWIFT_EMIT_LOC_STRINGS = YES;
				SWIFT_UPCOMING_FEATURE_MEMBER_IMPORT_VISIBILITY = YES;
				SWIFT_VERSION = 5.0;
				TARGETED_DEVICE_FAMILY = "1,2";
			};
			name = Release;
		};
		148F8D8A2E8FDA4200EE0C52 /* Debug */ = {
			isa = XCBuildConfiguration;
			buildSettings = {
				BUNDLE_LOADER = "$(TEST_HOST)";
				CODE_SIGN_STYLE = Automatic;
				CURRENT_PROJECT_VERSION = 1;
				DEVELOPMENT_TEAM = 445TH93K8F;
				GENERATE_INFOPLIST_FILE = YES;
				IPHONEOS_DEPLOYMENT_TARGET = 26.0;
				MARKETING_VERSION = 1.0;
				PRODUCT_BUNDLE_IDENTIFIER = com.myorganization.ToDoListTests;
				PRODUCT_NAME = "$(TARGET_NAME)";
				STRING_CATALOG_GENERATE_SYMBOLS = NO;
				SWIFT_APPROACHABLE_CONCURRENCY = YES;
				SWIFT_EMIT_LOC_STRINGS = NO;
				SWIFT_UPCOMING_FEATURE_MEMBER_IMPORT_VISIBILITY = YES;
				SWIFT_VERSION = 5.0;
				TARGETED_DEVICE_FAMILY = "1,2";
				TEST_HOST = "$(BUILT_PRODUCTS_DIR)/ToDoList.app/$(BUNDLE_EXECUTABLE_FOLDER_PATH)/ToDoList";
			};
			name = Debug;
		};
		148F8D8B2E8FDA4200EE0C52 /* Release */ = {
			isa = XCBuildConfiguration;
			buildSettings = {
				BUNDLE_LOADER = "$(TEST_HOST)";
				CODE_SIGN_STYLE = Automatic;
				CURRENT_PROJECT_VERSION = 1;
				DEVELOPMENT_TEAM = 445TH93K8F;
				GENERATE_INFOPLIST_FILE = YES;
				IPHONEOS_DEPLOYMENT_TARGET = 26.0;
				MARKETING_VERSION = 1.0;
				PRODUCT_BUNDLE_IDENTIFIER = com.myorganization.ToDoListTests;
				PRODUCT_NAME = "$(TARGET_NAME)";
				STRING_CATALOG_GENERATE_SYMBOLS = NO;
				SWIFT_APPROACHABLE_CONCURRENCY = YES;
				SWIFT_EMIT_LOC_STRINGS = NO;
				SWIFT_UPCOMING_FEATURE_MEMBER_IMPORT_VISIBILITY = YES;
				SWIFT_VERSION = 5.0;
				TARGETED_DEVICE_FAMILY = "1,2";
				TEST_HOST = "$(BUILT_PRODUCTS_DIR)/ToDoList.app/$(BUNDLE_EXECUTABLE_FOLDER_PATH)/ToDoList";
			};
			name = Release;
		};
		148F8D8D2E8FDA4200EE0C52 /* Debug */ = {
			isa = XCBuildConfiguration;
			buildSettings = {
				CODE_SIGN_STYLE = Automatic;
				CURRENT_PROJECT_VERSION = 1;
				DEVELOPMENT_TEAM = 445TH93K8F;
				GENERATE_INFOPLIST_FILE = YES;
				MARKETING_VERSION = 1.0;
				PRODUCT_BUNDLE_IDENTIFIER = com.myorganization.ToDoListUITests;
				PRODUCT_NAME = "$(TARGET_NAME)";
				STRING_CATALOG_GENERATE_SYMBOLS = NO;
				SWIFT_APPROACHABLE_CONCURRENCY = YES;
				SWIFT_EMIT_LOC_STRINGS = NO;
				SWIFT_UPCOMING_FEATURE_MEMBER_IMPORT_VISIBILITY = YES;
				SWIFT_VERSION = 5.0;
				TARGETED_DEVICE_FAMILY = "1,2";
				TEST_TARGET_NAME = ToDoList;
			};
			name = Debug;
		};
		148F8D8E2E8FDA4200EE0C52 /* Release */ = {
			isa = XCBuildConfiguration;
			buildSettings = {
				CODE_SIGN_STYLE = Automatic;
				CURRENT_PROJECT_VERSION = 1;
				DEVELOPMENT_TEAM = 445TH93K8F;
				GENERATE_INFOPLIST_FILE = YES;
				MARKETING_VERSION = 1.0;
				PRODUCT_BUNDLE_IDENTIFIER = com.myorganization.ToDoListUITests;
				PRODUCT_NAME = "$(TARGET_NAME)";
				STRING_CATALOG_GENERATE_SYMBOLS = NO;
				SWIFT_APPROACHABLE_CONCURRENCY = YES;
				SWIFT_EMIT_LOC_STRINGS = NO;
				SWIFT_UPCOMING_FEATURE_MEMBER_IMPORT_VISIBILITY = YES;
				SWIFT_VERSION = 5.0;
				TARGETED_DEVICE_FAMILY = "1,2";
				TEST_TARGET_NAME = ToDoList;
			};
			name = Release;
		};
/* End XCBuildConfiguration section */

/* Begin XCConfigurationList section */
		148F8D602E8FDA3E00EE0C52 /* Build configuration list for PBXProject "ToDoList" */ = {
			isa = XCConfigurationList;
			buildConfigurations = (
				148F8D842E8FDA4200EE0C52 /* Debug */,
				148F8D852E8FDA4200EE0C52 /* Release */,
			);
			defaultConfigurationIsVisible = 0;
			defaultConfigurationName = Release;
		};
		148F8D862E8FDA4200EE0C52 /* Build configuration list for PBXNativeTarget "ToDoList" */ = {
			isa = XCConfigurationList;
			buildConfigurations = (
				148F8D872E8FDA4200EE0C52 /* Debug */,
				148F8D882E8FDA4200EE0C52 /* Release */,
			);
			defaultConfigurationIsVisible = 0;
			defaultConfigurationName = Release;
		};
		148F8D892E8FDA4200EE0C52 /* Build configuration list for PBXNativeTarget "ToDoListTests" */ = {
			isa = XCConfigurationList;
			buildConfigurations = (
				148F8D8A2E8FDA4200EE0C52 /* Debug */,
				148F8D8B2E8FDA4200EE0C52 /* Release */,
			);
			defaultConfigurationIsVisible = 0;
			defaultConfigurationName = Release;
		};
		148F8D8C2E8FDA4200EE0C52 /* Build configuration list for PBXNativeTarget "ToDoListUITests" */ = {
			isa = XCConfigurationList;
			buildConfigurations = (
				148F8D8D2E8FDA4200EE0C52 /* Debug */,
				148F8D8E2E8FDA4200EE0C52 /* Release */,
			);
			defaultConfigurationIsVisible = 0;
			defaultConfigurationName = Release;
		};
/* End XCConfigurationList section */
	};
	rootObject = 148F8D5D2E8FDA3E00EE0C52 /* Project object */;
}
